
Microsoft Visual Studio Solution File, Format Version 12.00
# Visual Studio 14
Project("{8BC9CEB8-8B4A-11D0-8D11-00A0C91BC942}") = "ATM", "ATM\ATM.vcxproj", "{FDB9F169-7D52-4DBD-A6B5-737945D50EFA}"
EndProject
Project("{8BC9CEB8-8B4A-11D0-8D11-00A0C91BC942}") = "FlowAnalysis", "FlowAnalysis\FlowAnalysis.vcxproj", "{700C5BD5-520A-4F14-90FA-E9148A134B5F}"
EndProject
Project("{8BC9CEB8-8B4A-11D0-8D11-00A0C91BC942}") = "FlowAnalysisCpp", "FlowAnalysisCpp\FlowAnalysisCpp.vcxproj", "{864152BF-536F-4E3B-8E5B-0C886F685DAD}"
EndProject
Project("{8BC9CEB8-8B4A-11D0-8D11-00A0C91BC942}") = "Shapes", "Shapes\Shapes.vcxproj", "{81B3E536-41A0-465B-8F78-502E82B82131}"
EndProject
Global
	GlobalSection(SolutionConfigurationPlatforms) = preSolution
		Debug|Win32 = Debug|Win32
		Debug|x64 = Debug|x64
		Release|Win32 = Release|Win32
		Release|x64 = Release|x64
	EndGlobalSection
	GlobalSection(ProjectConfigurationPlatforms) = postSolution
		{FDB9F169-7D52-4DBD-A6B5-737945D50EFA}.Debug|Win32.ActiveCfg = Debug|Win32
		{FDB9F169-7D52-4DBD-A6B5-737945D50EFA}.Debug|Win32.Build.0 = Debug|Win32
		{FDB9F169-7D52-4DBD-A6B5-737945D50EFA}.Debug|x64.ActiveCfg = Debug|x64
		{FDB9F169-7D52-4DBD-A6B5-737945D50EFA}.Debug|x64.Build.0 = Debug|x64
		{FDB9F169-7D52-4DBD-A6B5-737945D50EFA}.Release|Win32.ActiveCfg = Release|Win32
		{FDB9F169-7D52-4DBD-A6B5-737945D50EFA}.Release|Win32.Build.0 = Release|Win32
		{FDB9F169-7D52-4DBD-A6B5-737945D50EFA}.Release|x64.ActiveCfg = Release|x64
		{FDB9F169-7D52-4DBD-A6B5-737945D50EFA}.Release|x64.Build.0 = Release|x64
		{700C5BD5-520A-4F14-90FA-E9148A134B5F}.Debug|Win32.ActiveCfg = Debug|Win32
		{700C5BD5-520A-4F14-90FA-E9148A134B5F}.Debug|Win32.Build.0 = Debug|Win32
		{700C5BD5-520A-4F14-90FA-E9148A134B5F}.Debug|x64.ActiveCfg = Debug|x64
		{700C5BD5-520A-4F14-90FA-E9148A134B5F}.Debug|x64.Build.0 = Debug|x64
		{700C5BD5-520A-4F14-90FA-E9148A134B5F}.Release|Win32.ActiveCfg = Release|Win32
		{700C5BD5-520A-4F14-90FA-E9148A134B5F}.Release|Win32.Build.0 = Release|Win32
		{700C5BD5-520A-4F14-90FA-E9148A134B5F}.Release|x64.ActiveCfg = Release|x64
		{700C5BD5-520A-4F14-90FA-E9148A134B5F}.Release|x64.Build.0 = Release|x64
		{864152BF-536F-4E3B-8E5B-0C886F685DAD}.Debug|Win32.ActiveCfg = Debug|Win32
		{864152BF-536F-4E3B-8E5B-0C886F685DAD}.Debug|Win32.Build.0 = Debug|Win32
		{864152BF-536F-4E3B-8E5B-0C886F685DAD}.Debug|x64.ActiveCfg = Debug|x64
		{864152BF-536F-4E3B-8E5B-0C886F685DAD}.Debug|x64.Build.0 = Debug|x64
		{864152BF-536F-4E3B-8E5B-0C886F685DAD}.Release|Win32.ActiveCfg = Release|Win32
		{864152BF-536F-4E3B-8E5B-0C886F685DAD}.Release|Win32.Build.0 = Release|Win32
		{864152BF-536F-4E3B-8E5B-0C886F685DAD}.Release|x64.ActiveCfg = Release|x64
		{864152BF-536F-4E3B-8E5B-0C886F685DAD}.Release|x64.Build.0 = Release|x64
		{81B3E536-41A0-465B-8F78-502E82B82131}.Debug|Win32.ActiveCfg = Debug|Win32
		{81B3E536-41A0-465B-8F78-502E82B82131}.Debug|Win32.Build.0 = Debug|Win32
		{81B3E536-41A0-465B-8F78-502E82B82131}.Debug|x64.ActiveCfg = Debug|Win32
		{81B3E536-41A0-465B-8F78-502E82B82131}.Release|Win32.ActiveCfg = Release|Win32
		{81B3E536-41A0-465B-8F78-502E82B82131}.Release|Win32.Build.0 = Release|Win32
		{81B3E536-41A0-465B-8F78-502E82B82131}.Release|x64.ActiveCfg = Release|Win32
	EndGlobalSection
	GlobalSection(SolutionProperties) = preSolution
		HideSolutionNode = FALSE
	EndGlobalSection
EndGlobal
