<?xml version="1.0" encoding="utf-8"?>
<Project ToolsVersion="4.0" xmlns="http://schemas.microsoft.com/developer/msbuild/2003">
  <ItemGroup>
    <Filter Include="Header Files">
      <UniqueIdentifier>{93995380-89BD-4b04-88EB-625FBE52EBFB}</UniqueIdentifier>
      <Extensions>h;hpp;hxx;hm;inl;inc;xsd</Extensions>
    </Filter>
    <Filter Include="Resource Files">
      <UniqueIdentifier>{67DA6AB6-F800-4c08-8B7A-83BB121AAD01}</UniqueIdentifier>
      <Extensions>rc;ico;cur;bmp;dlg;rc2;rct;bin;rgs;gif;jpg;jpeg;jpe;resx</Extensions>
    </Filter>
    <Filter Include="Source Files">
      <UniqueIdentifier>{4FC737F1-C7A5-4376-A066-2A32D752A2FF}</UniqueIdentifier>
      <Extensions>cpp;c;cc;cxx;def;odl;idl;hpj;bat;asm;asmx</Extensions>
    </Filter>
  </ItemGroup>
  <ItemGroup>
    <ClInclude Include="dbutil.h">
      <Filter>Header Files</Filter>
    </ClInclude>
  </ItemGroup>
  <ItemGroup>
    <ClCompile Include="arrayOutOfBounds.c">
      <Filter>Source Files</Filter>
    </ClCompile>
    <ClCompile Include="bufferOverflow.c">
      <Filter>Source Files</Filter>
    </ClCompile>
    <ClCompile Include="dbutil.c">
      <Filter>Source Files</Filter>
    </ClCompile>
    <ClCompile Include="divisionByZero.c">
      <Filter>Source Files</Filter>
    </ClCompile>
    <ClCompile Include="fileLeaks.c">
      <Filter>Source Files</Filter>
    </ClCompile>
    <ClCompile Include="integerOverflow.c">
      <Filter>Source Files</Filter>
    </ClCompile>
    <ClCompile Include="memoryLeaks.c">
      <Filter>Source Files</Filter>
    </ClCompile>
    <ClCompile Include="nullPointerDeref.c">
      <Filter>Source Files</Filter>
    </ClCompile>
    <ClCompile Include="nullPointerDerefBenchmark.c">
      <Filter>Source Files</Filter>
    </ClCompile>
    <ClCompile Include="sqlInjection.c">
      <Filter>Source Files</Filter>
    </ClCompile>
    <ClCompile Include="unreachableCode.c">
      <Filter>Source Files</Filter>
    </ClCompile>
    <ClCompile Include="useBeforeInit.c">
      <Filter>Source Files</Filter>
    </ClCompile>
  </ItemGroup>
</Project>